
Microsoft Visual Studio Solution File, Format Version 12.00
# Visual Studio Version 16
VisualStudioVersion = 16.0.29728.190
MinimumVisualStudioVersion = 10.0.40219.1
Project("{FAE04EC0-301F-11D3-BF4B-00C04F79EFBC}") = "Houseplant Suggestions", "Houseplant Suggestions\Houseplant Suggestions.csproj", "{2CD8BC9F-A415-4F10-802E-CBB20802652B}"
EndProject
Global
	GlobalSection(SolutionConfigurationPlatforms) = preSolution
		Debug|Any CPU = Debug|Any CPU
		Release|Any CPU = Release|Any CPU
	EndGlobalSection
	GlobalSection(ProjectConfigurationPlatforms) = postSolution
		{2CD8BC9F-A415-4F10-802E-CBB20802652B}.Debug|Any CPU.ActiveCfg = Debug|Any CPU
		{2CD8BC9F-A415-4F10-802E-CBB20802652B}.Debug|Any CPU.Build.0 = Debug|Any CPU
		{2CD8BC9F-A415-4F10-802E-CBB20802652B}.Release|Any CPU.ActiveCfg = Release|Any CPU
		{2CD8BC9F-A415-4F10-802E-CBB20802652B}.Release|Any CPU.Build.0 = Release|Any CPU
	EndGlobalSection
	GlobalSection(SolutionProperties) = preSolution
		HideSolutionNode = FALSE
	EndGlobalSection
	GlobalSection(ExtensibilityGlobals) = postSolution
		SolutionGuid = {B5933D62-4667-45F7-BDAC-3C0F538343E4}
	EndGlobalSection
EndGlobal
